{
  "requires": true,
  "lockfileVersion": 1,
  "dependencies": {
    "@cycle/run": {
      "version": "5.4.0",
      "resolved": "https://registry.npmjs.org/@cycle/run/-/run-5.4.0.tgz",
      "integrity": "sha512-IAFwavuZGZP39XjxL7eQyQ9e6xZUMUjvlhFd3lZoyJPavHBbW8GPiCy5SJ3NCxM6trbgQQ8agu7sr72J83clBA==",
      "requires": {
        "quicktask": "1.1.0",
        "xstream": "10.x || 11.x"
      }
    },
    "@cycle/time": {
      "version": "0.20.0",
      "resolved": "https://registry.npmjs.org/@cycle/time/-/time-0.20.0.tgz",
      "integrity": "sha512-/TQQ2d5hiDk2l7BOhvYkk30dYJf9zdnQp+Tg3vHMosEzJeO4dKniLffkTPMtZ31PpSgIXdS+AKySfnInQsH9ww==",
      "requires": {
        "@cycle/run": "^5.2.0",
        "combine-errors": "3.0.x",
        "most": "*",
        "performance-now": "^2.1.0",
        "raf": "3.4.x",
        "rxjs": "*",
        "setimmediate": "1.0.x",
        "sorted-immutable-list": "1.1.x",
        "variable-diff": "1.1.x",
        "xstream": "*"
      }
    },
    "@most/multicast": {
      "version": "1.3.0",
      "resolved": "https://registry.npmjs.org/@most/multicast/-/multicast-1.3.0.tgz",
      "integrity": "sha512-DWH8AShgp5bXn+auGzf5tzPxvpmEvQJd0CNsApOci1LDF4eAEcnw4HQOr2Jaa+L92NbDYFKBSXxll+i7r1ikvw==",
      "requires": {
        "@most/prelude": "^1.4.0"
      }
    },
    "@most/prelude": {
      "version": "1.7.3",
      "resolved": "https://registry.npmjs.org/@most/prelude/-/prelude-1.7.3.tgz",
      "integrity": "sha512-qWWEnA22UP1lzFfKx75XMut6DUUXGRKe7qv2k+Bgs7ju8lwb5RjsZYyQZ+VcsYvHcIavHKzseLlBMLOe2CvUZw=="
    },
    "ansi-regex": {
      "version": "2.1.1",
      "resolved": "https://registry.npmjs.org/ansi-regex/-/ansi-regex-2.1.1.tgz",
      "integrity": "sha1-w7M6te42DYbg5ijwRorn7yfWVN8="
    },
    "ansi-styles": {
      "version": "2.2.1",
      "resolved": "https://registry.npmjs.org/ansi-styles/-/ansi-styles-2.2.1.tgz",
      "integrity": "sha1-tDLdM1i2NM914eRmQ2gkBTPB3b4="
    },
    "babel-runtime": {
      "version": "6.26.0",
      "resolved": "https://registry.npmjs.org/babel-runtime/-/babel-runtime-6.26.0.tgz",
      "integrity": "sha1-llxwWGaOgrVde/4E/yM3vItWR/4=",
      "requires": {
        "core-js": "^2.4.0",
        "regenerator-runtime": "^0.11.0"
      }
    },
    "callbag": {
      "version": "1.2.0",
      "resolved": "https://registry.npmjs.org/callbag/-/callbag-1.2.0.tgz",
      "integrity": "sha512-RMcVOk2oyA8CyCt/HsLEvnvvttKlaGVaG0uOo5IY7RpdiPLhStjxv5oYre33VJfT8kJE+cuKLSNHooz7yCUdhQ=="
    },
    "callbag-basics": {
      "version": "3.2.0",
      "resolved": "https://registry.npmjs.org/callbag-basics/-/callbag-basics-3.2.0.tgz",
      "integrity": "sha512-+wOwoQYvn+R9q6H/co0KP05pSL4dIQGWvz3BHSshRBf17Y8P8gr7H4kZdvUl7SJ5d0raa97mHfb4ZJRyvReynw==",
      "requires": {
        "callbag": "1",
        "callbag-combine": "1",
        "callbag-concat": "1",
        "callbag-filter": "1",
        "callbag-flatten": "1",
        "callbag-for-each": "1",
        "callbag-from-event": "1",
        "callbag-from-iter": "1",
        "callbag-from-obs": "1",
        "callbag-from-promise": "1",
        "callbag-interval": "1",
        "callbag-map": "1",
        "callbag-merge": "2",
        "callbag-pipe": "1",
        "callbag-scan": "1",
        "callbag-share": "1",
        "callbag-skip": "1",
        "callbag-take": "1"
      }
    },
    "callbag-combine": {
      "version": "1.2.0",
      "resolved": "https://registry.npmjs.org/callbag-combine/-/callbag-combine-1.2.0.tgz",
      "integrity": "sha512-iDHfGNcBb9oIJLA//ytxU1e1W5MjjG+lIu2E2xtVs8fBba7+Zkp4wU6bnIf5II34hDxyEy8O8ct8TY6GO/W8Ig==",
      "requires": {
        "callbag": "^1.1.0"
      }
    },
    "callbag-concat": {
      "version": "1.2.1",
      "resolved": "https://registry.npmjs.org/callbag-concat/-/callbag-concat-1.2.1.tgz",
      "integrity": "sha512-iIC4FCUF7sKnt4gDKHNjMRHekebdaA1/udjON/mCLg31EzzTO/dE9nfxpcj+G/63KopFXVQdZKQDsu7UOYGpPg==",
      "requires": {
        "callbag": "^1.2.0"
      }
    },
    "callbag-filter": {
      "version": "1.1.0",
      "resolved": "https://registry.npmjs.org/callbag-filter/-/callbag-filter-1.1.0.tgz",
      "integrity": "sha512-m6ZHEd9JYHBAYJAdeqgt3gIKSoZOizfJTxIPd8EvDwY8Dr44+slm090WvCrrlz2SZoU8mCqpmZ8TFrGKXHo/yw==",
      "requires": {
        "callbag": "^1.1.0"
      }
    },
    "callbag-flatten": {
      "version": "1.4.0",
      "resolved": "https://registry.npmjs.org/callbag-flatten/-/callbag-flatten-1.4.0.tgz",
      "integrity": "sha512-2JM/jA0Ijnuu15kqcdepVd8Iv/L3VytTFOjP0rk/BKc4/yvUUPkQfR3U2QM6Uq+DO/roOWMfrVKaMAxsZ8ciww==",
      "requires": {
        "callbag": "^1.1.0"
      }
    },
    "callbag-for-each": {
      "version": "1.1.0",
      "resolved": "https://registry.npmjs.org/callbag-for-each/-/callbag-for-each-1.1.0.tgz",
      "integrity": "sha512-/FKC/dd3hnw/M1G5mlZrz/+UbtHYPz5PsmmBvpthNb67v6XuQlT93BzxQDxRHAalAjsOci8ZqoYFgmmJxwGhvg==",
      "requires": {
        "callbag": "^1.1.0"
      }
    },
    "callbag-from-event": {
      "version": "1.2.1",
      "resolved": "https://registry.npmjs.org/callbag-from-event/-/callbag-from-event-1.2.1.tgz",
      "integrity": "sha512-rFZoDPqyjSxMSe2ikAfjxa76GhnTg16H36yNJNyPdrbsRvP2bYVGs32N+ddzB9qsnIBzJlwhgiHOv9Uav0HHXg==",
      "requires": {
        "callbag": "^1.1.0"
      }
    },
    "callbag-from-iter": {
      "version": "1.2.0",
      "resolved": "https://registry.npmjs.org/callbag-from-iter/-/callbag-from-iter-1.2.0.tgz",
      "integrity": "sha512-9rWvHOnRGp01YMRHHwgVZOO1vu4IRR8GcoH3FpSB16AMzum5juFWJPCMX/XnkJ9j6cic/G+kvb1Grvi6IuSmIQ=="
    },
    "callbag-from-obs": {
      "version": "1.2.0",
      "resolved": "https://registry.npmjs.org/callbag-from-obs/-/callbag-from-obs-1.2.0.tgz",
      "integrity": "sha512-InhdPC6P4Gdpg7nuXSkocDFlb+//sbwCrVCYhxOHhSVm1gDcw/zSA+IF1gHdYtk4RQKKaCymUFCkVVUVSRThVQ==",
      "requires": {
        "symbol-observable": "^1.2.0"
      }
    },
    "callbag-from-promise": {
      "version": "1.3.0",
      "resolved": "https://registry.npmjs.org/callbag-from-promise/-/callbag-from-promise-1.3.0.tgz",
      "integrity": "sha512-1e6Xloc5DavrPUYIUKUNLhYTTXFtrRH/tN0qbS+LAzNeu9whCJOLEExjVfntEfSbiuADClAuIiVDLRiPBhu1mg==",
      "requires": {
        "callbag": "^1.1.0"
      }
    },
    "callbag-interval": {
      "version": "1.1.0",
      "resolved": "https://registry.npmjs.org/callbag-interval/-/callbag-interval-1.1.0.tgz",
      "integrity": "sha512-xkYj7t/l9+GaP0kvPi6LadF3ZNSiQAhbEzwnnTrDB/UtkBCrzKPZ9Kiti8P8oHYxL2jGEuRWi86PD3uM7qXLbg==",
      "requires": {
        "callbag": "^1.1.0"
      }
    },
    "callbag-map": {
      "version": "1.1.0",
      "resolved": "https://registry.npmjs.org/callbag-map/-/callbag-map-1.1.0.tgz",
      "integrity": "sha512-/xFzvJCtx1xulZpFeI4wq+ZD7tkg417XOeJ3wS9v8bHLLpt+fHKXgbZ8TBnnIxywJN6Uu/ZhL+c1DzUG6KXYFQ==",
      "requires": {
        "callbag": "^1.1.0"
      }
    },
    "callbag-merge": {
      "version": "2.0.1",
      "resolved": "https://registry.npmjs.org/callbag-merge/-/callbag-merge-2.0.1.tgz",
      "integrity": "sha512-Kl6JQ8Swc7DBuIL+Yjkgm92l82vrD2yQCNZHO8M8o6zVI+a0/RAAPLD5qrnGA1WwHLOOD6xAYsm0gzfzAJ3hkA=="
    },
    "callbag-pipe": {
      "version": "1.2.0",
      "resolved": "https://registry.npmjs.org/callbag-pipe/-/callbag-pipe-1.2.0.tgz",
      "integrity": "sha512-M+LdHUK0qJkm4CRe+I870ZzD/SnzcpTsfJRzFoB2hOkNXlrVdoj002KMkfdS4pHMfV6egzZFd8j+xJu6C4kwEQ=="
    },
    "callbag-sample": {
      "version": "2.0.0",
      "resolved": "https://registry.npmjs.org/callbag-sample/-/callbag-sample-2.0.0.tgz",
      "integrity": "sha512-S1m0IoE50Cpf1KO3C5Xoj+TefQjzfP9nR8iMhUKbd6lgcWcTbrb1mbXahQ/jlyH5M7NStoaiCP42xIlloSgfyQ=="
    },
    "callbag-sample-combine": {
      "version": "1.1.0",
      "resolved": "https://registry.npmjs.org/callbag-sample-combine/-/callbag-sample-combine-1.1.0.tgz",
      "integrity": "sha512-Y4BwjSqaqh7PTz6cRvQ56kROUb4dFZEF4xzanfKRVsPFFxMncC/BADw56EEMcT8O/7gJtbJVAVcD4eK3eDBYZg=="
    },
    "callbag-scan": {
      "version": "1.1.0",
      "resolved": "https://registry.npmjs.org/callbag-scan/-/callbag-scan-1.1.0.tgz",
      "integrity": "sha512-5Aw9LR8b4Fg/gC++lWrq9sXEqgO0c5Gk+HWaFhFoVqgujSUVRxFw+c4bLw1eExWrBX6OeBDbVZ/2rMr/E0q9cQ==",
      "requires": {
        "callbag": "^1.1.0"
      }
    },
    "callbag-share": {
      "version": "1.2.0",
      "resolved": "https://registry.npmjs.org/callbag-share/-/callbag-share-1.2.0.tgz",
      "integrity": "sha512-Gt+D5lfJ/j3X5/3PiMPL8hHDPBmeQILZl2QYu+YJtSFz6PlNGQSL45aD4e4uoxMvhMZY9NpMHh7KRWia9PZA+g==",
      "requires": {
        "callbag": "^1.1.0"
      }
    },
    "callbag-skip": {
      "version": "1.1.0",
      "resolved": "https://registry.npmjs.org/callbag-skip/-/callbag-skip-1.1.0.tgz",
      "integrity": "sha512-KodTVJFA1h1Z7iFvs2ocwtyvb+q38i/FJTabdMTmmPucQV+XpGH8e6BYxmYRznY4FQUTLM9e5Y5HqbUxT7ma1w==",
      "requires": {
        "callbag": "^1.1.0"
      }
    },
    "callbag-take": {
      "version": "1.4.0",
      "resolved": "https://registry.npmjs.org/callbag-take/-/callbag-take-1.4.0.tgz",
      "integrity": "sha512-SMN236uYqjZ+8ypAY12qkV2QwutjOe96GyYPzUF9RKKJR5nRyu0fON4r4XBZ3ZonOWnDW05CWmKmS0mVQg5TIg==",
      "requires": {
        "callbag": "^1.1.0"
      }
    },
    "chalk": {
      "version": "1.1.3",
      "resolved": "https://registry.npmjs.org/chalk/-/chalk-1.1.3.tgz",
      "integrity": "sha1-qBFcVeSnAv5NFQq9OHKCKn4J/Jg=",
      "requires": {
        "ansi-styles": "^2.2.1",
        "escape-string-regexp": "^1.0.2",
        "has-ansi": "^2.0.0",
        "strip-ansi": "^3.0.0",
        "supports-color": "^2.0.0"
      }
    },
    "combine-errors": {
      "version": "3.0.3",
      "resolved": "https://registry.npmjs.org/combine-errors/-/combine-errors-3.0.3.tgz",
      "integrity": "sha1-9N9nQAg+VwOjGBEQwrEFUfAD2oY=",
      "requires": {
        "custom-error-instance": "2.1.1",
        "lodash.uniqby": "4.5.0"
      }
    },
    "core-js": {
      "version": "2.6.11",
      "resolved": "https://registry.npmjs.org/core-js/-/core-js-2.6.11.tgz",
      "integrity": "sha512-5wjnpaT/3dV+XB4borEsnAYQchn00XSgTAWKDkEqv+K8KevjbzmofK6hfJ9TZIlpj2N0xQpazy7PiRQiWHqzWg=="
    },
    "custom-error-instance": {
      "version": "2.1.1",
      "resolved": "https://registry.npmjs.org/custom-error-instance/-/custom-error-instance-2.1.1.tgz",
      "integrity": "sha1-PPY5FIemYppiR+sMoM4ACBt+Nho="
    },
    "escape-string-regexp": {
      "version": "1.0.5",
      "resolved": "https://registry.npmjs.org/escape-string-regexp/-/escape-string-regexp-1.0.5.tgz",
      "integrity": "sha1-G2HAViGQqN/2rjuyzwIAyhMLhtQ="
    },
    "has-ansi": {
      "version": "2.0.0",
      "resolved": "https://registry.npmjs.org/has-ansi/-/has-ansi-2.0.0.tgz",
      "integrity": "sha1-NPUEnOHs3ysGSa8+8k5F7TVBbZE=",
      "requires": {
        "ansi-regex": "^2.0.0"
      }
    },
    "lodash._baseiteratee": {
      "version": "4.7.0",
      "resolved": "https://registry.npmjs.org/lodash._baseiteratee/-/lodash._baseiteratee-4.7.0.tgz",
      "integrity": "sha1-NKm1VDVycnw9sueO2uPA6eZr0QI=",
      "requires": {
        "lodash._stringtopath": "~4.8.0"
      }
    },
    "lodash._basetostring": {
      "version": "4.12.0",
      "resolved": "https://registry.npmjs.org/lodash._basetostring/-/lodash._basetostring-4.12.0.tgz",
      "integrity": "sha1-kyfJ3FFYhmt/pLnUL0Y45XZt2d8="
    },
    "lodash._baseuniq": {
      "version": "4.6.0",
      "resolved": "https://registry.npmjs.org/lodash._baseuniq/-/lodash._baseuniq-4.6.0.tgz",
      "integrity": "sha1-DrtE5FaBSveQXGIS+iybLVG4Qeg=",
      "requires": {
        "lodash._createset": "~4.0.0",
        "lodash._root": "~3.0.0"
      }
    },
    "lodash._createset": {
      "version": "4.0.3",
      "resolved": "https://registry.npmjs.org/lodash._createset/-/lodash._createset-4.0.3.tgz",
      "integrity": "sha1-D0ZZ+7CddRlPqeK4imZE02PJ/iY="
    },
    "lodash._root": {
      "version": "3.0.1",
      "resolved": "https://registry.npmjs.org/lodash._root/-/lodash._root-3.0.1.tgz",
      "integrity": "sha1-+6HEUkwZ7ppfgTa0YJ8BfPTe1pI="
    },
    "lodash._stringtopath": {
      "version": "4.8.0",
      "resolved": "https://registry.npmjs.org/lodash._stringtopath/-/lodash._stringtopath-4.8.0.tgz",
      "integrity": "sha1-lBvPDmQmbl/B1m/tCmlZVExXaCQ=",
      "requires": {
        "lodash._basetostring": "~4.12.0"
      }
    },
    "lodash.uniqby": {
      "version": "4.5.0",
      "resolved": "https://registry.npmjs.org/lodash.uniqby/-/lodash.uniqby-4.5.0.tgz",
      "integrity": "sha1-o6F7v2LutiQPSRhG6XwcTipeHiE=",
      "requires": {
        "lodash._baseiteratee": "~4.7.0",
        "lodash._baseuniq": "~4.6.0"
      }
    },
    "most": {
      "version": "1.8.0",
      "resolved": "https://registry.npmjs.org/most/-/most-1.8.0.tgz",
      "integrity": "sha512-V49VlfnnGBVSIcHVeW6jViOwsPwSdnw8qv2BQ97TCfJMA07Yq5BkjUnEPmDZ0Kqm6crTBlgmdnH+jO0qVJMXfw==",
      "requires": {
        "@most/multicast": "^1.2.5",
        "@most/prelude": "^1.4.0",
        "symbol-observable": "^1.0.2"
      }
    },
    "object-assign": {
      "version": "4.1.1",
      "resolved": "https://registry.npmjs.org/object-assign/-/object-assign-4.1.1.tgz",
      "integrity": "sha1-IQmtx5ZYh8/AXLvUQsrIv7s2CGM="
    },
    "ow": {
      "version": "0.4.0",
      "resolved": "https://registry.npmjs.org/ow/-/ow-0.4.0.tgz",
      "integrity": "sha512-kJNzxUgVd6EF5LoGs+s2/etJPwjfRDLXPTCfEgV8At77sRrV+PSFA8lcoW2HF15Qd455mIR2Stee/2MzDiFBDA=="
    },
    "ow-lite": {
      "version": "0.0.2",
      "resolved": "https://registry.npmjs.org/ow-lite/-/ow-lite-0.0.2.tgz",
      "integrity": "sha1-359QDmdAtlkKHpqWVzDUmo61l9E="
    },
    "performance-now": {
      "version": "2.1.0",
      "resolved": "https://registry.npmjs.org/performance-now/-/performance-now-2.1.0.tgz",
      "integrity": "sha1-Ywn04OX6kT7BxpMHrjZLSzd8nns="
    },
    "quicktask": {
      "version": "1.1.0",
      "resolved": "https://registry.npmjs.org/quicktask/-/quicktask-1.1.0.tgz",
      "integrity": "sha512-b3w19IEXnt5auacLAbePVsqPyVQUwmuhJQrrWnVhm4pP8PAMg2U9vFHbAD9XYXXbMDjdLJs0x5NLqwTV8uFK4g=="
    },
    "raf": {
      "version": "3.4.1",
      "resolved": "https://registry.npmjs.org/raf/-/raf-3.4.1.tgz",
      "integrity": "sha512-Sq4CW4QhwOHE8ucn6J34MqtZCeWFP2aQSmrlroYgqAV1PjStIhJXxYuTgUIfkEk7zTLjmIjLmU5q+fbD1NnOJA==",
      "requires": {
        "performance-now": "^2.1.0"
      }
    },
    "random": {
      "version": "2.1.1",
      "resolved": "https://registry.npmjs.org/random/-/random-2.1.1.tgz",
      "integrity": "sha512-8HQriGPwjc8R+7hPOI9ZphAEEWmIt/RmuqXZ682ww9kjK5HRGXcN7hgWUxZ9AabgjZm5wIa6EwapTI1sg11XXg==",
      "requires": {
        "babel-runtime": "^6.26.0",
        "ow": "^0.4.0",
        "ow-lite": "^0.0.2",
        "seedrandom": "^2.4.4"
      }
    },
    "regenerator-runtime": {
      "version": "0.11.1",
      "resolved": "https://registry.npmjs.org/regenerator-runtime/-/regenerator-runtime-0.11.1.tgz",
      "integrity": "sha512-MguG95oij0fC3QV3URf4V2SDYGJhJnJGqvIIgdECeODCT98wSWDAJ94SSuVpYQUoTcGUIL6L4yNB7j1DFFHSBg=="
    },
    "rxjs": {
      "version": "6.5.4",
      "resolved": "https://registry.npmjs.org/rxjs/-/rxjs-6.5.4.tgz",
      "integrity": "sha512-naMQXcgEo3csAEGvw/NydRA0fuS2nDZJiw1YUWFKU7aPPAPGZEsD4Iimit96qwCieH6y614MCLYwdkrWx7z/7Q==",
      "requires": {
        "tslib": "^1.9.0"
      }
    },
    "seedrandom": {
      "version": "2.4.4",
      "resolved": "https://registry.npmjs.org/seedrandom/-/seedrandom-2.4.4.tgz",
      "integrity": "sha512-9A+PDmgm+2du77B5i0Ip2cxOqqHjgNxnBgglxLcX78A2D6c2rTo61z4jnVABpF4cKeDMDG+cmXXvdnqse2VqMA=="
    },
    "setimmediate": {
      "version": "1.0.5",
      "resolved": "https://registry.npmjs.org/setimmediate/-/setimmediate-1.0.5.tgz",
      "integrity": "sha1-KQy7Iy4waULX1+qbg3Mqt4VvgoU="
    },
    "sorted-immutable-list": {
      "version": "1.1.0",
      "resolved": "https://registry.npmjs.org/sorted-immutable-list/-/sorted-immutable-list-1.1.0.tgz",
      "integrity": "sha1-QaYsAkvXVcTFcwbiDuySYg2uXZc="
    },
    "strip-ansi": {
      "version": "3.0.1",
      "resolved": "https://registry.npmjs.org/strip-ansi/-/strip-ansi-3.0.1.tgz",
      "integrity": "sha1-ajhfuIU9lS1f8F0Oiq+UJ43GPc8=",
      "requires": {
        "ansi-regex": "^2.0.0"
      }
    },
    "supports-color": {
      "version": "2.0.0",
      "resolved": "https://registry.npmjs.org/supports-color/-/supports-color-2.0.0.tgz",
      "integrity": "sha1-U10EXOa2Nj+kARcIRimZXp3zJMc="
    },
    "symbol-observable": {
      "version": "1.2.0",
      "resolved": "https://registry.npmjs.org/symbol-observable/-/symbol-observable-1.2.0.tgz",
      "integrity": "sha512-e900nM8RRtGhlV36KGEU9k65K3mPb1WV70OdjfxlG2EAuM1noi/E/BaW/uMhL7bPEssK8QV57vN3esixjUvcXQ=="
    },
    "tslib": {
      "version": "1.10.0",
      "resolved": "https://registry.npmjs.org/tslib/-/tslib-1.10.0.tgz",
      "integrity": "sha512-qOebF53frne81cf0S9B41ByenJ3/IuH8yJKngAX35CmiZySA0khhkovshKK+jGCaMnVomla7gVlIcc3EvKPbTQ=="
    },
    "variable-diff": {
      "version": "1.1.0",
      "resolved": "https://registry.npmjs.org/variable-diff/-/variable-diff-1.1.0.tgz",
      "integrity": "sha1-0r1cZtt2wTh52W5qMG7cmJ35eNo=",
      "requires": {
        "chalk": "^1.1.1",
        "object-assign": "^4.0.1"
      }
    },
    "xstream": {
      "version": "11.11.0",
      "resolved": "https://registry.npmjs.org/xstream/-/xstream-11.11.0.tgz",
      "integrity": "sha512-0zF3PLsHrmbToPBgX1jYZFNw+t5octSFJgVRH44HGlGBBjY7gscvDQOZvty8IQV15Snia1RcLPECWDfEaE4aXg==",
      "requires": {
        "symbol-observable": "1.2.0"
      }
    }
  }
}
